
Microsoft Visual Studio Solution File, Format Version 12.00
# Visual Studio Version 17
VisualStudioVersion = 17.5.002.0
MinimumVisualStudioVersion = 10.0.40219.1
Project("{9A19103F-16F7-4668-BE54-9A1E7A4F7556}") = "Threelab.API.User", "Threelab.API.User\Threelab.API.User.csproj", "{70795DC2-4DAD-41CD-8404-C42D8A7AF178}"
EndProject
Project("{9A19103F-16F7-4668-BE54-9A1E7A4F7556}") = "Threelab.Domain", "Threelab.Domain\Threelab.Domain.csproj", "{47924FED-6D09-41E7-A1EB-A38B543B7ED6}"
EndProject
Project("{9A19103F-16F7-4668-BE54-9A1E7A4F7556}") = "Threelab.Infrastructure", "Threelab.Infrastructure\Threelab.Infrastructure.csproj", "{79AAD4E1-6335-4FAF-9E68-3EEF4FB37C23}"
EndProject
Project("{9A19103F-16F7-4668-BE54-9A1E7A4F7556}") = "Threelab.Service", "Threelab.Service\Threelab.Service.csproj", "{6A634F07-959A-4EF7-8609-1DB297AEEA70}"
EndProject
Global
	GlobalSection(SolutionConfigurationPlatforms) = preSolution
		Debug|Any CPU = Debug|Any CPU
		Release|Any CPU = Release|Any CPU
	EndGlobalSection
	GlobalSection(ProjectConfigurationPlatforms) = postSolution
		{70795DC2-4DAD-41CD-8404-C42D8A7AF178}.Debug|Any CPU.ActiveCfg = Debug|Any CPU
		{70795DC2-4DAD-41CD-8404-C42D8A7AF178}.Debug|Any CPU.Build.0 = Debug|Any CPU
		{70795DC2-4DAD-41CD-8404-C42D8A7AF178}.Release|Any CPU.ActiveCfg = Release|Any CPU
		{70795DC2-4DAD-41CD-8404-C42D8A7AF178}.Release|Any CPU.Build.0 = Release|Any CPU
		{47924FED-6D09-41E7-A1EB-A38B543B7ED6}.Debug|Any CPU.ActiveCfg = Debug|Any CPU
		{47924FED-6D09-41E7-A1EB-A38B543B7ED6}.Debug|Any CPU.Build.0 = Debug|Any CPU
		{47924FED-6D09-41E7-A1EB-A38B543B7ED6}.Release|Any CPU.ActiveCfg = Release|Any CPU
		{47924FED-6D09-41E7-A1EB-A38B543B7ED6}.Release|Any CPU.Build.0 = Release|Any CPU
		{79AAD4E1-6335-4FAF-9E68-3EEF4FB37C23}.Debug|Any CPU.ActiveCfg = Debug|Any CPU
		{79AAD4E1-6335-4FAF-9E68-3EEF4FB37C23}.Debug|Any CPU.Build.0 = Debug|Any CPU
		{79AAD4E1-6335-4FAF-9E68-3EEF4FB37C23}.Release|Any CPU.ActiveCfg = Release|Any CPU
		{79AAD4E1-6335-4FAF-9E68-3EEF4FB37C23}.Release|Any CPU.Build.0 = Release|Any CPU
		{6A634F07-959A-4EF7-8609-1DB297AEEA70}.Debug|Any CPU.ActiveCfg = Debug|Any CPU
		{6A634F07-959A-4EF7-8609-1DB297AEEA70}.Debug|Any CPU.Build.0 = Debug|Any CPU
		{6A634F07-959A-4EF7-8609-1DB297AEEA70}.Release|Any CPU.ActiveCfg = Release|Any CPU
		{6A634F07-959A-4EF7-8609-1DB297AEEA70}.Release|Any CPU.Build.0 = Release|Any CPU
	EndGlobalSection
	GlobalSection(SolutionProperties) = preSolution
		HideSolutionNode = FALSE
	EndGlobalSection
	GlobalSection(ExtensibilityGlobals) = postSolution
		SolutionGuid = {B8F2B958-39D0-4E59-8DDB-BEDC9BAB4E48}
	EndGlobalSection
EndGlobal
